
Microsoft Visual Studio Solution File, Format Version 12.00
# Visual Studio Version 17
VisualStudioVersion = 17.4.33103.184
MinimumVisualStudioVersion = 10.0.40219.1
Project("{FAE04EC0-301F-11D3-BF4B-00C04F79EFBC}") = "ПР4_Нагорный_Астафуров_ИС21", "ПР4_Нагорный_Астафуров_ИС21\ПР4_Нагорный_Астафуров_ИС21.csproj", "{F57D40EB-356C-4081-9A2D-BF3F9A3BA756}"
EndProject
Global
	GlobalSection(SolutionConfigurationPlatforms) = preSolution
		Debug|Any CPU = Debug|Any CPU
		Release|Any CPU = Release|Any CPU
	EndGlobalSection
	GlobalSection(ProjectConfigurationPlatforms) = postSolution
		{F57D40EB-356C-4081-9A2D-BF3F9A3BA756}.Debug|Any CPU.ActiveCfg = Debug|Any CPU
		{F57D40EB-356C-4081-9A2D-BF3F9A3BA756}.Debug|Any CPU.Build.0 = Debug|Any CPU
		{F57D40EB-356C-4081-9A2D-BF3F9A3BA756}.Release|Any CPU.ActiveCfg = Release|Any CPU
		{F57D40EB-356C-4081-9A2D-BF3F9A3BA756}.Release|Any CPU.Build.0 = Release|Any CPU
	EndGlobalSection
	GlobalSection(SolutionProperties) = preSolution
		HideSolutionNode = FALSE
	EndGlobalSection
	GlobalSection(ExtensibilityGlobals) = postSolution
		SolutionGuid = {D4E5FE44-D68D-4AE6-909D-F7EA535938D3}
	EndGlobalSection
EndGlobal
